github.com/CloudyKit/fastprinter v0.0.0-20200109182630-33d98a066a53 h1:sR+/8Yb4slttB4vD+b9btVEnWgL3Q00OBTzVT8B9C0c=
github.com/CloudyKit/fastprinter v0.0.0-20200109182630-33d98a066a53/go.mod h1:+3IMCy2vIlbG1XG/0ggNQv0SvxCAIpPM5b1nCz56Xno=
github.com/CloudyKit/jet/v6 v6.3.1 h1:6IAo5Cx21xrHVaR8zzXN5gJatKV/wO7Nf6bfCnCSbUw=
github.com/CloudyKit/jet/v6 v6.3.1/go.mod h1:lf8ksdNsxZt7/yH/3n4vJQWA9RUq4wpaHtArHhGVMOw=
github.com/go-chi/chi/v5 v5.2.4 h1:WtFKPHwlywe8Srng8j2BhOD9312j9cGUxG1SP4V2cR4=
github.com/go-chi/chi/v5 v5.2.4/go.mod h1:X7Gx4mteadT3eDOMTsXzmI4/rwUpOwBHLpAfupzFJP0=
